{
  "name": "pex-gl",
  "version": "2.6.2",
  "lockfileVersion": 1,
  "requires": true,
  "dependencies": {
    "is-plask": {
      "version": "https://registry.npmjs.org/is-plask/-/is-plask-1.1.1.tgz",
      "integrity": "sha1-3mOSZXYfKK939JtBI4tnp/R8sgg=",
      "requires": {
        "plask-wrap": "https://registry.npmjs.org/plask-wrap/-/plask-wrap-1.0.1.tgz"
      }
    },
    "plask-wrap": {
      "version": "https://registry.npmjs.org/plask-wrap/-/plask-wrap-1.0.1.tgz",
      "integrity": "sha1-xfXBtdh0wcfZtxf3chJvJauzHd8="
    }
  }
}
